// !$*UTF8*$!
{
	archiveVersion = 1;
	classes = {
	};
	objectVersion = 50;
	objects = {

/* Begin PBXBuildFile section */
		DE8A9DA12E07E3055F94813E /* Pods_InstagramClone.framework in Frameworks */ = {isa = PBXBuildFile; fileRef = 6F4134D52FC2C340D376067A /* Pods_InstagramClone.framework */; };
		E02BA08520A897E2002FC477 /* LoginController.swift in Sources */ = {isa = PBXBuildFile; fileRef = E02BA08420A897E2002FC477 /* LoginController.swift */; };
		E034ACEB20A34B6E0016B75E /* MainTabBarController.swift in Sources */ = {isa = PBXBuildFile; fileRef = E034ACEA20A34B6E0016B75E /* MainTabBarController.swift */; };
		E034ACEE20A34D050016B75E /* UserProfileController.swift in Sources */ = {isa = PBXBuildFile; fileRef = E034ACED20A34D050016B75E /* UserProfileController.swift */; };
		E034ACF120A360030016B75E /* UserProfileHeader.swift in Sources */ = {isa = PBXBuildFile; fileRef = E034ACF020A360030016B75E /* UserProfileHeader.swift */; };
		E034ACF420A480290016B75E /* User.swift in Sources */ = {isa = PBXBuildFile; fileRef = E034ACF320A480290016B75E /* User.swift */; };
		E060FE6220CEEAE600212B76 /* Post.swift in Sources */ = {isa = PBXBuildFile; fileRef = E060FE6120CEEAE600212B76 /* Post.swift */; };
		E060FE6420CEECF600212B76 /* UserProfilePhotoCell.swift in Sources */ = {isa = PBXBuildFile; fileRef = E060FE6320CEECF600212B76 /* UserProfilePhotoCell.swift */; };
		E0631D7720C83DCF00A7DF43 /* PhotoSelectorController.swift in Sources */ = {isa = PBXBuildFile; fileRef = E0631D7620C83DCF00A7DF43 /* PhotoSelectorController.swift */; };
		E0631D7920C9A8C800A7DF43 /* PhotoSelectorCell.swift in Sources */ = {isa = PBXBuildFile; fileRef = E0631D7820C9A8C800A7DF43 /* PhotoSelectorCell.swift */; };
		E0631D7B20CAB7AC00A7DF43 /* PhotoSelectorHeader.swift in Sources */ = {isa = PBXBuildFile; fileRef = E0631D7A20CAB7AC00A7DF43 /* PhotoSelectorHeader.swift */; };
		E0631D7D20CACFBE00A7DF43 /* SharePhotoController.swift in Sources */ = {isa = PBXBuildFile; fileRef = E0631D7C20CACFBE00A7DF43 /* SharePhotoController.swift */; };
		E063E29E20D16BA6004EADC4 /* CustomImageView.swift in Sources */ = {isa = PBXBuildFile; fileRef = E063E29D20D16BA6004EADC4 /* CustomImageView.swift */; };
		E063E2A120D17F82004EADC4 /* HomeController.swift in Sources */ = {isa = PBXBuildFile; fileRef = E063E2A020D17F82004EADC4 /* HomeController.swift */; };
		E063E2A320D18290004EADC4 /* HomePostCell.swift in Sources */ = {isa = PBXBuildFile; fileRef = E063E2A220D18290004EADC4 /* HomePostCell.swift */; };
		E0824EDC20932198002C4803 /* AppDelegate.swift in Sources */ = {isa = PBXBuildFile; fileRef = E0824EDB20932198002C4803 /* AppDelegate.swift */; };
		E0824EDE20932198002C4803 /* SignUpController.swift in Sources */ = {isa = PBXBuildFile; fileRef = E0824EDD20932198002C4803 /* SignUpController.swift */; };
		E0824EE120932198002C4803 /* Main.storyboard in Resources */ = {isa = PBXBuildFile; fileRef = E0824EDF20932198002C4803 /* Main.storyboard */; };
		E0824EE32093219A002C4803 /* Assets.xcassets in Resources */ = {isa = PBXBuildFile; fileRef = E0824EE22093219A002C4803 /* Assets.xcassets */; };
		E0824EE62093219A002C4803 /* LaunchScreen.storyboard in Resources */ = {isa = PBXBuildFile; fileRef = E0824EE42093219A002C4803 /* LaunchScreen.storyboard */; };
		E0824EEF20934D4B002C4803 /* UIColorExtension.swift in Sources */ = {isa = PBXBuildFile; fileRef = E0824EEE20934D4B002C4803 /* UIColorExtension.swift */; };
		E0824EF1209357A9002C4803 /* AnchorExtension.swift in Sources */ = {isa = PBXBuildFile; fileRef = E0824EF0209357A9002C4803 /* AnchorExtension.swift */; };
		E0824EF320936640002C4803 /* GoogleService-Info.plist in Resources */ = {isa = PBXBuildFile; fileRef = E0824EF220936640002C4803 /* GoogleService-Info.plist */; };
		E08C47E420D3BA6A00E94A7D /* DatabaseExtension.swift in Sources */ = {isa = PBXBuildFile; fileRef = E08C47E320D3BA6A00E94A7D /* DatabaseExtension.swift */; };
/* End PBXBuildFile section */

/* Begin PBXFileReference section */
		6F4134D52FC2C340D376067A /* Pods_InstagramClone.framework */ = {isa = PBXFileReference; explicitFileType = wrapper.framework; includeInIndex = 0; path = Pods_InstagramClone.framework; sourceTree = BUILT_PRODUCTS_DIR; };
		72E8DC9D428A780B6CBE54A0 /* Pods-InstagramClone.debug.xcconfig */ = {isa = PBXFileReference; includeInIndex = 1; lastKnownFileType = text.xcconfig; name = "Pods-InstagramClone.debug.xcconfig"; path = "Pods/Target Support Files/Pods-InstagramClone/Pods-InstagramClone.debug.xcconfig"; sourceTree = "<group>"; };
		A4772BF2A3DE236FB2BFF7F0 /* Pods-InstagramClone.release.xcconfig */ = {isa = PBXFileReference; includeInIndex = 1; lastKnownFileType = text.xcconfig; name = "Pods-InstagramClone.release.xcconfig"; path = "Pods/Target Support Files/Pods-InstagramClone/Pods-InstagramClone.release.xcconfig"; sourceTree = "<group>"; };
		E02BA08420A897E2002FC477 /* LoginController.swift */ = {isa = PBXFileReference; lastKnownFileType = sourcecode.swift; path = LoginController.swift; sourceTree = "<group>"; };
		E034ACEA20A34B6E0016B75E /* MainTabBarController.swift */ = {isa = PBXFileReference; lastKnownFileType = sourcecode.swift; path = MainTabBarController.swift; sourceTree = "<group>"; };
		E034ACED20A34D050016B75E /* UserProfileController.swift */ = {isa = PBXFileReference; lastKnownFileType = sourcecode.swift; path = UserProfileController.swift; sourceTree = "<group>"; };
		E034ACF020A360030016B75E /* UserProfileHeader.swift */ = {isa = PBXFileReference; lastKnownFileType = sourcecode.swift; path = UserProfileHeader.swift; sourceTree = "<group>"; };
		E034ACF320A480290016B75E /* User.swift */ = {isa = PBXFileReference; lastKnownFileType = sourcecode.swift; path = User.swift; sourceTree = "<group>"; };
		E060FE6120CEEAE600212B76 /* Post.swift */ = {isa = PBXFileReference; lastKnownFileType = sourcecode.swift; path = Post.swift; sourceTree = "<group>"; };
		E060FE6320CEECF600212B76 /* UserProfilePhotoCell.swift */ = {isa = PBXFileReference; lastKnownFileType = sourcecode.swift; path = UserProfilePhotoCell.swift; sourceTree = "<group>"; };
		E0631D7620C83DCF00A7DF43 /* PhotoSelectorController.swift */ = {isa = PBXFileReference; lastKnownFileType = sourcecode.swift; path = PhotoSelectorController.swift; sourceTree = "<group>"; };
		E0631D7820C9A8C800A7DF43 /* PhotoSelectorCell.swift */ = {isa = PBXFileReference; lastKnownFileType = sourcecode.swift; path = PhotoSelectorCell.swift; sourceTree = "<group>"; };
		E0631D7A20CAB7AC00A7DF43 /* PhotoSelectorHeader.swift */ = {isa = PBXFileReference; lastKnownFileType = sourcecode.swift; path = PhotoSelectorHeader.swift; sourceTree = "<group>"; };
		E0631D7C20CACFBE00A7DF43 /* SharePhotoController.swift */ = {isa = PBXFileReference; lastKnownFileType = sourcecode.swift; path = SharePhotoController.swift; sourceTree = "<group>"; };
		E063E29D20D16BA6004EADC4 /* CustomImageView.swift */ = {isa = PBXFileReference; lastKnownFileType = sourcecode.swift; path = CustomImageView.swift; sourceTree = "<group>"; };
		E063E2A020D17F82004EADC4 /* HomeController.swift */ = {isa = PBXFileReference; lastKnownFileType = sourcecode.swift; path = HomeController.swift; sourceTree = "<group>"; };
		E063E2A220D18290004EADC4 /* HomePostCell.swift */ = {isa = PBXFileReference; lastKnownFileType = sourcecode.swift; path = HomePostCell.swift; sourceTree = "<group>"; };
		E0824ED820932198002C4803 /* InstagramClone.app */ = {isa = PBXFileReference; explicitFileType = wrapper.application; includeInIndex = 0; path = InstagramClone.app; sourceTree = BUILT_PRODUCTS_DIR; };
		E0824EDB20932198002C4803 /* AppDelegate.swift */ = {isa = PBXFileReference; lastKnownFileType = sourcecode.swift; path = AppDelegate.swift; sourceTree = "<group>"; };
		E0824EDD20932198002C4803 /* SignUpController.swift */ = {isa = PBXFileReference; lastKnownFileType = sourcecode.swift; path = SignUpController.swift; sourceTree = "<group>"; };
		E0824EE020932198002C4803 /* Base */ = {isa = PBXFileReference; lastKnownFileType = file.storyboard; name = Base; path = Base.lproj/Main.storyboard; sourceTree = "<group>"; };
		E0824EE22093219A002C4803 /* Assets.xcassets */ = {isa = PBXFileReference; lastKnownFileType = folder.assetcatalog; path = Assets.xcassets; sourceTree = "<group>"; };
		E0824EE52093219A002C4803 /* Base */ = {isa = PBXFileReference; lastKnownFileType = file.storyboard; name = Base; path = Base.lproj/LaunchScreen.storyboard; sourceTree = "<group>"; };
		E0824EE72093219A002C4803 /* Info.plist */ = {isa = PBXFileReference; lastKnownFileType = text.plist.xml; path = Info.plist; sourceTree = "<group>"; };
		E0824EEE20934D4B002C4803 /* UIColorExtension.swift */ = {isa = PBXFileReference; lastKnownFileType = sourcecode.swift; path = UIColorExtension.swift; sourceTree = "<group>"; };
		E0824EF0209357A9002C4803 /* AnchorExtension.swift */ = {isa = PBXFileReference; lastKnownFileType = sourcecode.swift; path = AnchorExtension.swift; sourceTree = "<group>"; };
		E0824EF220936640002C4803 /* GoogleService-Info.plist */ = {isa = PBXFileReference; fileEncoding = 4; lastKnownFileType = text.plist.xml; path = "GoogleService-Info.plist"; sourceTree = "<group>"; };
		E08C47E320D3BA6A00E94A7D /* DatabaseExtension.swift */ = {isa = PBXFileReference; lastKnownFileType = sourcecode.swift; path = DatabaseExtension.swift; sourceTree = "<group>"; };
/* End PBXFileReference section */

/* Begin PBXFrameworksBuildPhase section */
		E0824ED520932198002C4803 /* Frameworks */ = {
			isa = PBXFrameworksBuildPhase;
			buildActionMask = 2147483647;
			files = (
				DE8A9DA12E07E3055F94813E /* Pods_InstagramClone.framework in Frameworks */,
			);
			runOnlyForDeploymentPostprocessing = 0;
		};
/* End PBXFrameworksBuildPhase section */

/* Begin PBXGroup section */
		E02BA08320A897BB002FC477 /* Login */ = {
			isa = PBXGroup;
			children = (
				E02BA08420A897E2002FC477 /* LoginController.swift */,
				E0824EDD20932198002C4803 /* SignUpController.swift */,
			);
			path = Login;
			sourceTree = "<group>";
		};
		E034ACEC20A34C690016B75E /* MainTab */ = {
			isa = PBXGroup;
			children = (
				E034ACEA20A34B6E0016B75E /* MainTabBarController.swift */,
			);
			path = MainTab;
			sourceTree = "<group>";
		};
		E034ACEF20A35FB60016B75E /* UserProfil */ = {
			isa = PBXGroup;
			children = (
				E034ACED20A34D050016B75E /* UserProfileController.swift */,
				E034ACF020A360030016B75E /* UserProfileHeader.swift */,
				E060FE6320CEECF600212B76 /* UserProfilePhotoCell.swift */,
			);
			path = UserProfil;
			sourceTree = "<group>";
		};
		E034ACF220A4800D0016B75E /* Model */ = {
			isa = PBXGroup;
			children = (
				E034ACF320A480290016B75E /* User.swift */,
				E060FE6120CEEAE600212B76 /* Post.swift */,
			);
			path = Model;
			sourceTree = "<group>";
		};
		E0631D7520C83CF200A7DF43 /* AddNewPhoto */ = {
			isa = PBXGroup;
			children = (
				E0631D7620C83DCF00A7DF43 /* PhotoSelectorController.swift */,
				E0631D7820C9A8C800A7DF43 /* PhotoSelectorCell.swift */,
				E0631D7A20CAB7AC00A7DF43 /* PhotoSelectorHeader.swift */,
				E0631D7C20CACFBE00A7DF43 /* SharePhotoController.swift */,
			);
			path = AddNewPhoto;
			sourceTree = "<group>";
		};
		E063E29F20D17ED2004EADC4 /* Home */ = {
			isa = PBXGroup;
			children = (
				E063E2A020D17F82004EADC4 /* HomeController.swift */,
				E063E2A220D18290004EADC4 /* HomePostCell.swift */,
			);
			path = Home;
			sourceTree = "<group>";
		};
		E0824ECF20932198002C4803 = {
			isa = PBXGroup;
			children = (
				E0824EDA20932198002C4803 /* InstagramClone */,
				E0824ED920932198002C4803 /* Products */,
				F739944988C39AB11FC49A49 /* Pods */,
				F10B87DBD4E6719213ACBF3F /* Frameworks */,
			);
			sourceTree = "<group>";
		};
		E0824ED920932198002C4803 /* Products */ = {
			isa = PBXGroup;
			children = (
				E0824ED820932198002C4803 /* InstagramClone.app */,
			);
			name = Products;
			sourceTree = "<group>";
		};
		E0824EDA20932198002C4803 /* InstagramClone */ = {
			isa = PBXGroup;
			children = (
				E02BA08320A897BB002FC477 /* Login */,
				E034ACEC20A34C690016B75E /* MainTab */,
				E063E29F20D17ED2004EADC4 /* Home */,
				E0631D7520C83CF200A7DF43 /* AddNewPhoto */,
				E034ACEF20A35FB60016B75E /* UserProfil */,
				E034ACF220A4800D0016B75E /* Model */,
				E0824EED20934CE6002C4803 /* Utilities */,
				E0824EDB20932198002C4803 /* AppDelegate.swift */,
				E0824EDF20932198002C4803 /* Main.storyboard */,
				E0824EE22093219A002C4803 /* Assets.xcassets */,
				E0824EE42093219A002C4803 /* LaunchScreen.storyboard */,
				E0824EE72093219A002C4803 /* Info.plist */,
				E0824EF220936640002C4803 /* GoogleService-Info.plist */,
			);
			path = InstagramClone;
			sourceTree = "<group>";
		};
		E0824EED20934CE6002C4803 /* Utilities */ = {
			isa = PBXGroup;
			children = (
				E0824EEE20934D4B002C4803 /* UIColorExtension.swift */,
				E0824EF0209357A9002C4803 /* AnchorExtension.swift */,
				E063E29D20D16BA6004EADC4 /* CustomImageView.swift */,
				E08C47E320D3BA6A00E94A7D /* DatabaseExtension.swift */,
			);
			path = Utilities;
			sourceTree = "<group>";
		};
		F10B87DBD4E6719213ACBF3F /* Frameworks */ = {
			isa = PBXGroup;
			children = (
				6F4134D52FC2C340D376067A /* Pods_InstagramClone.framework */,
			);
			name = Frameworks;
			sourceTree = "<group>";
		};
		F739944988C39AB11FC49A49 /* Pods */ = {
			isa = PBXGroup;
			children = (
				72E8DC9D428A780B6CBE54A0 /* Pods-InstagramClone.debug.xcconfig */,
				A4772BF2A3DE236FB2BFF7F0 /* Pods-InstagramClone.release.xcconfig */,
			);
			name = Pods;
			sourceTree = "<group>";
		};
/* End PBXGroup section */

/* Begin PBXNativeTarget section */
		E0824ED720932198002C4803 /* InstagramClone */ = {
			isa = PBXNativeTarget;
			buildConfigurationList = E0824EEA2093219A002C4803 /* Build configuration list for PBXNativeTarget "InstagramClone" */;
			buildPhases = (
				E05EF094D16143E7C732E927 /* [CP] Check Pods Manifest.lock */,
				E0824ED420932198002C4803 /* Sources */,
				E0824ED520932198002C4803 /* Frameworks */,
				E0824ED620932198002C4803 /* Resources */,
				12772EE2F5FFF14AA6F7550A /* [CP] Embed Pods Frameworks */,
			);
			buildRules = (
			);
			dependencies = (
			);
			name = InstagramClone;
			productName = InstagramClone;
			productReference = E0824ED820932198002C4803 /* InstagramClone.app */;
			productType = "com.apple.product-type.application";
		};
/* End PBXNativeTarget section */

/* Begin PBXProject section */
		E0824ED020932198002C4803 /* Project object */ = {
			isa = PBXProject;
			attributes = {
				LastSwiftUpdateCheck = 0930;
				LastUpgradeCheck = 0930;
				ORGANIZATIONNAME = "Zan Drakslar";
				TargetAttributes = {
					E0824ED720932198002C4803 = {
						CreatedOnToolsVersion = 9.3;
					};
				};
			};
			buildConfigurationList = E0824ED320932198002C4803 /* Build configuration list for PBXProject "InstagramClone" */;
			compatibilityVersion = "Xcode 9.3";
			developmentRegion = en;
			hasScannedForEncodings = 0;
			knownRegions = (
				en,
				Base,
			);
			mainGroup = E0824ECF20932198002C4803;
			productRefGroup = E0824ED920932198002C4803 /* Products */;
			projectDirPath = "";
			projectRoot = "";
			targets = (
				E0824ED720932198002C4803 /* InstagramClone */,
			);
		};
/* End PBXProject section */

/* Begin PBXResourcesBuildPhase section */
		E0824ED620932198002C4803 /* Resources */ = {
			isa = PBXResourcesBuildPhase;
			buildActionMask = 2147483647;
			files = (
				E0824EE62093219A002C4803 /* LaunchScreen.storyboard in Resources */,
				E0824EF320936640002C4803 /* GoogleService-Info.plist in Resources */,
				E0824EE32093219A002C4803 /* Assets.xcassets in Resources */,
				E0824EE120932198002C4803 /* Main.storyboard in Resources */,
			);
			runOnlyForDeploymentPostprocessing = 0;
		};
/* End PBXResourcesBuildPhase section */

/* Begin PBXShellScriptBuildPhase section */
		12772EE2F5FFF14AA6F7550A /* [CP] Embed Pods Frameworks */ = {
			isa = PBXShellScriptBuildPhase;
			buildActionMask = 2147483647;
			files = (
			);
			inputPaths = (
				"${SRCROOT}/Pods/Target Support Files/Pods-InstagramClone/Pods-InstagramClone-frameworks.sh",
				"${BUILT_PRODUCTS_DIR}/GTMSessionFetcher/GTMSessionFetcher.framework",
				"${BUILT_PRODUCTS_DIR}/GoogleToolboxForMac/GoogleToolboxForMac.framework",
				"${BUILT_PRODUCTS_DIR}/leveldb-library/leveldb.framework",
				"${BUILT_PRODUCTS_DIR}/nanopb/nanopb.framework",
			);
			name = "[CP] Embed Pods Frameworks";
			outputPaths = (
				"${TARGET_BUILD_DIR}/${FRAMEWORKS_FOLDER_PATH}/GTMSessionFetcher.framework",
				"${TARGET_BUILD_DIR}/${FRAMEWORKS_FOLDER_PATH}/GoogleToolboxForMac.framework",
				"${TARGET_BUILD_DIR}/${FRAMEWORKS_FOLDER_PATH}/leveldb.framework",
				"${TARGET_BUILD_DIR}/${FRAMEWORKS_FOLDER_PATH}/nanopb.framework",
			);
			runOnlyForDeploymentPostprocessing = 0;
			shellPath = /bin/sh;
			shellScript = "\"${SRCROOT}/Pods/Target Support Files/Pods-InstagramClone/Pods-InstagramClone-frameworks.sh\"\n";
			showEnvVarsInLog = 0;
		};
		E05EF094D16143E7C732E927 /* [CP] Check Pods Manifest.lock */ = {
			isa = PBXShellScriptBuildPhase;
			buildActionMask = 2147483647;
			files = (
			);
			inputPaths = (
				"${PODS_PODFILE_DIR_PATH}/Podfile.lock",
				"${PODS_ROOT}/Manifest.lock",
			);
			name = "[CP] Check Pods Manifest.lock";
			outputPaths = (
				"$(DERIVED_FILE_DIR)/Pods-InstagramClone-checkManifestLockResult.txt",
			);
			runOnlyForDeploymentPostprocessing = 0;
			shellPath = /bin/sh;
			shellScript = "diff \"${PODS_PODFILE_DIR_PATH}/Podfile.lock\" \"${PODS_ROOT}/Manifest.lock\" > /dev/null\nif [ $? != 0 ] ; then\n    # print error to STDERR\n    echo \"error: The sandbox is not in sync with the Podfile.lock. Run 'pod install' or update your CocoaPods installation.\" >&2\n    exit 1\nfi\n# This output is used by Xcode 'outputs' to avoid re-running this script phase.\necho \"SUCCESS\" > \"${SCRIPT_OUTPUT_FILE_0}\"\n";
			showEnvVarsInLog = 0;
		};
/* End PBXShellScriptBuildPhase section */

/* Begin PBXSourcesBuildPhase section */
		E0824ED420932198002C4803 /* Sources */ = {
			isa = PBXSourcesBuildPhase;
			buildActionMask = 2147483647;
			files = (
				E0631D7B20CAB7AC00A7DF43 /* PhotoSelectorHeader.swift in Sources */,
				E0631D7920C9A8C800A7DF43 /* PhotoSelectorCell.swift in Sources */,
				E063E2A320D18290004EADC4 /* HomePostCell.swift in Sources */,
				E0824EF1209357A9002C4803 /* AnchorExtension.swift in Sources */,
				E034ACF120A360030016B75E /* UserProfileHeader.swift in Sources */,
				E08C47E420D3BA6A00E94A7D /* DatabaseExtension.swift in Sources */,
				E0824EDE20932198002C4803 /* SignUpController.swift in Sources */,
				E060FE6420CEECF600212B76 /* UserProfilePhotoCell.swift in Sources */,
				E060FE6220CEEAE600212B76 /* Post.swift in Sources */,
				E034ACEE20A34D050016B75E /* UserProfileController.swift in Sources */,
				E063E2A120D17F82004EADC4 /* HomeController.swift in Sources */,
				E02BA08520A897E2002FC477 /* LoginController.swift in Sources */,
				E063E29E20D16BA6004EADC4 /* CustomImageView.swift in Sources */,
				E034ACF420A480290016B75E /* User.swift in Sources */,
				E0631D7D20CACFBE00A7DF43 /* SharePhotoController.swift in Sources */,
				E034ACEB20A34B6E0016B75E /* MainTabBarController.swift in Sources */,
				E0824EDC20932198002C4803 /* AppDelegate.swift in Sources */,
				E0824EEF20934D4B002C4803 /* UIColorExtension.swift in Sources */,
				E0631D7720C83DCF00A7DF43 /* PhotoSelectorController.swift in Sources */,
			);
			runOnlyForDeploymentPostprocessing = 0;
		};
/* End PBXSourcesBuildPhase section */

/* Begin PBXVariantGroup section */
		E0824EDF20932198002C4803 /* Main.storyboard */ = {
			isa = PBXVariantGroup;
			children = (
				E0824EE020932198002C4803 /* Base */,
			);
			name = Main.storyboard;
			sourceTree = "<group>";
		};
		E0824EE42093219A002C4803 /* LaunchScreen.storyboard */ = {
			isa = PBXVariantGroup;
			children = (
				E0824EE52093219A002C4803 /* Base */,
			);
			name = LaunchScreen.storyboard;
			sourceTree = "<group>";
		};
/* End PBXVariantGroup section */

/* Begin XCBuildConfiguration section */
		E0824EE82093219A002C4803 /* Debug */ = {
			isa = XCBuildConfiguration;
			buildSettings = {
				ALWAYS_SEARCH_USER_PATHS = NO;
				CLANG_ANALYZER_NONNULL = YES;
				CLANG_ANALYZER_NUMBER_OBJECT_CONVERSION = YES_AGGRESSIVE;
				CLANG_CXX_LANGUAGE_STANDARD = "gnu++14";
				CLANG_CXX_LIBRARY = "libc++";
				CLANG_ENABLE_MODULES = YES;
				CLANG_ENABLE_OBJC_ARC = YES;
				CLANG_ENABLE_OBJC_WEAK = YES;
				CLANG_WARN_BLOCK_CAPTURE_AUTORELEASING = YES;
				CLANG_WARN_BOOL_CONVERSION = YES;
				CLANG_WARN_COMMA = YES;
				CLANG_WARN_CONSTANT_CONVERSION = YES;
				CLANG_WARN_DEPRECATED_OBJC_IMPLEMENTATIONS = YES;
				CLANG_WARN_DIRECT_OBJC_ISA_USAGE = YES_ERROR;
				CLANG_WARN_DOCUMENTATION_COMMENTS = YES;
				CLANG_WARN_EMPTY_BODY = YES;
				CLANG_WARN_ENUM_CONVERSION = YES;
				CLANG_WARN_INFINITE_RECURSION = YES;
				CLANG_WARN_INT_CONVERSION = YES;
				CLANG_WARN_NON_LITERAL_NULL_CONVERSION = YES;
				CLANG_WARN_OBJC_IMPLICIT_RETAIN_SELF = YES;
				CLANG_WARN_OBJC_LITERAL_CONVERSION = YES;
				CLANG_WARN_OBJC_ROOT_CLASS = YES_ERROR;
				CLANG_WARN_RANGE_LOOP_ANALYSIS = YES;
				CLANG_WARN_STRICT_PROTOTYPES = YES;
				CLANG_WARN_SUSPICIOUS_MOVE = YES;
				CLANG_WARN_UNGUARDED_AVAILABILITY = YES_AGGRESSIVE;
				CLANG_WARN_UNREACHABLE_CODE = YES;
				CLANG_WARN__DUPLICATE_METHOD_MATCH = YES;
				CODE_SIGN_IDENTITY = "iPhone Developer";
				COPY_PHASE_STRIP = NO;
				DEBUG_INFORMATION_FORMAT = dwarf;
				ENABLE_STRICT_OBJC_MSGSEND = YES;
				ENABLE_TESTABILITY = YES;
				GCC_C_LANGUAGE_STANDARD = gnu11;
				GCC_DYNAMIC_NO_PIC = NO;
				GCC_NO_COMMON_BLOCKS = YES;
				GCC_OPTIMIZATION_LEVEL = 0;
				GCC_PREPROCESSOR_DEFINITIONS = (
					"DEBUG=1",
					"$(inherited)",
				);
				GCC_WARN_64_TO_32_BIT_CONVERSION = YES;
				GCC_WARN_ABOUT_RETURN_TYPE = YES_ERROR;
				GCC_WARN_UNDECLARED_SELECTOR = YES;
				GCC_WARN_UNINITIALIZED_AUTOS = YES_AGGRESSIVE;
				GCC_WARN_UNUSED_FUNCTION = YES;
				GCC_WARN_UNUSED_VARIABLE = YES;
				IPHONEOS_DEPLOYMENT_TARGET = 11.3;
				MTL_ENABLE_DEBUG_INFO = YES;
				ONLY_ACTIVE_ARCH = YES;
				SDKROOT = iphoneos;
				SWIFT_ACTIVE_COMPILATION_CONDITIONS = DEBUG;
				SWIFT_OPTIMIZATION_LEVEL = "-Onone";
			};
			name = Debug;
		};
		E0824EE92093219A002C4803 /* Release */ = {
			isa = XCBuildConfiguration;
			buildSettings = {
				ALWAYS_SEARCH_USER_PATHS = NO;
				CLANG_ANALYZER_NONNULL = YES;
				CLANG_ANALYZER_NUMBER_OBJECT_CONVERSION = YES_AGGRESSIVE;
				CLANG_CXX_LANGUAGE_STANDARD = "gnu++14";
				CLANG_CXX_LIBRARY = "libc++";
				CLANG_ENABLE_MODULES = YES;
				CLANG_ENABLE_OBJC_ARC = YES;
				CLANG_ENABLE_OBJC_WEAK = YES;
				CLANG_WARN_BLOCK_CAPTURE_AUTORELEASING = YES;
				CLANG_WARN_BOOL_CONVERSION = YES;
				CLANG_WARN_COMMA = YES;
				CLANG_WARN_CONSTANT_CONVERSION = YES;
				CLANG_WARN_DEPRECATED_OBJC_IMPLEMENTATIONS = YES;
				CLANG_WARN_DIRECT_OBJC_ISA_USAGE = YES_ERROR;
				CLANG_WARN_DOCUMENTATION_COMMENTS = YES;
				CLANG_WARN_EMPTY_BODY = YES;
				CLANG_WARN_ENUM_CONVERSION = YES;
				CLANG_WARN_INFINITE_RECURSION = YES;
				CLANG_WARN_INT_CONVERSION = YES;
				CLANG_WARN_NON_LITERAL_NULL_CONVERSION = YES;
				CLANG_WARN_OBJC_IMPLICIT_RETAIN_SELF = YES;
				CLANG_WARN_OBJC_LITERAL_CONVERSION = YES;
				CLANG_WARN_OBJC_ROOT_CLASS = YES_ERROR;
				CLANG_WARN_RANGE_LOOP_ANALYSIS = YES;
				CLANG_WARN_STRICT_PROTOTYPES = YES;
				CLANG_WARN_SUSPICIOUS_MOVE = YES;
				CLANG_WARN_UNGUARDED_AVAILABILITY = YES_AGGRESSIVE;
				CLANG_WARN_UNREACHABLE_CODE = YES;
				CLANG_WARN__DUPLICATE_METHOD_MATCH = YES;
				CODE_SIGN_IDENTITY = "iPhone Developer";
				COPY_PHASE_STRIP = NO;
				DEBUG_INFORMATION_FORMAT = "dwarf-with-dsym";
				ENABLE_NS_ASSERTIONS = NO;
				ENABLE_STRICT_OBJC_MSGSEND = YES;
				GCC_C_LANGUAGE_STANDARD = gnu11;
				GCC_NO_COMMON_BLOCKS = YES;
				GCC_WARN_64_TO_32_BIT_CONVERSION = YES;
				GCC_WARN_ABOUT_RETURN_TYPE = YES_ERROR;
				GCC_WARN_UNDECLARED_SELECTOR = YES;
				GCC_WARN_UNINITIALIZED_AUTOS = YES_AGGRESSIVE;
				GCC_WARN_UNUSED_FUNCTION = YES;
				GCC_WARN_UNUSED_VARIABLE = YES;
				IPHONEOS_DEPLOYMENT_TARGET = 11.3;
				MTL_ENABLE_DEBUG_INFO = NO;
				SDKROOT = iphoneos;
				SWIFT_COMPILATION_MODE = wholemodule;
				SWIFT_OPTIMIZATION_LEVEL = "-O";
				VALIDATE_PRODUCT = YES;
			};
			name = Release;
		};
		E0824EEB2093219A002C4803 /* Debug */ = {
			isa = XCBuildConfiguration;
			baseConfigurationReference = 72E8DC9D428A780B6CBE54A0 /* Pods-InstagramClone.debug.xcconfig */;
			buildSettings = {
				ASSETCATALOG_COMPILER_APPICON_NAME = AppIcon;
				CODE_SIGN_STYLE = Automatic;
				DEVELOPMENT_TEAM = M7XEFZ86QV;
				INFOPLIST_FILE = InstagramClone/Info.plist;
				LD_RUNPATH_SEARCH_PATHS = (
					"$(inherited)",
					"@executable_path/Frameworks",
				);
				PRODUCT_BUNDLE_IDENTIFIER = com.zandrakslar.InstagramClone;
				PRODUCT_NAME = "$(TARGET_NAME)";
				SWIFT_VERSION = 4.0;
				TARGETED_DEVICE_FAMILY = "1,2";
			};
			name = Debug;
		};
		E0824EEC2093219A002C4803 /* Release */ = {
			isa = XCBuildConfiguration;
			baseConfigurationReference = A4772BF2A3DE236FB2BFF7F0 /* Pods-InstagramClone.release.xcconfig */;
			buildSettings = {
				ASSETCATALOG_COMPILER_APPICON_NAME = AppIcon;
				CODE_SIGN_STYLE = Automatic;
				DEVELOPMENT_TEAM = M7XEFZ86QV;
				INFOPLIST_FILE = InstagramClone/Info.plist;
				LD_RUNPATH_SEARCH_PATHS = (
					"$(inherited)",
					"@executable_path/Frameworks",
				);
				PRODUCT_BUNDLE_IDENTIFIER = com.zandrakslar.InstagramClone;
				PRODUCT_NAME = "$(TARGET_NAME)";
				SWIFT_VERSION = 4.0;
				TARGETED_DEVICE_FAMILY = "1,2";
			};
			name = Release;
		};
/* End XCBuildConfiguration section */

/* Begin XCConfigurationList section */
		E0824ED320932198002C4803 /* Build configuration list for PBXProject "InstagramClone" */ = {
			isa = XCConfigurationList;
			buildConfigurations = (
				E0824EE82093219A002C4803 /* Debug */,
				E0824EE92093219A002C4803 /* Release */,
			);
			defaultConfigurationIsVisible = 0;
			defaultConfigurationName = Release;
		};
		E0824EEA2093219A002C4803 /* Build configuration list for PBXNativeTarget "InstagramClone" */ = {
			isa = XCConfigurationList;
			buildConfigurations = (
				E0824EEB2093219A002C4803 /* Debug */,
				E0824EEC2093219A002C4803 /* Release */,
			);
			defaultConfigurationIsVisible = 0;
			defaultConfigurationName = Release;
		};
/* End XCConfigurationList section */
	};
	rootObject = E0824ED020932198002C4803 /* Project object */;
}
